Microsoft Visual Studio Solution File, Format Version 12.00
# Visual Studio Version 17
VisualStudioVersion = 17.5.2.0
MinimumVisualStudioVersion = 10.0.40219.1
Project("{2150E333-8FDC-42A3-9474-1A3956D46DE8}") = "preyecto1", "preyecto1", "{59CC3464-210E-FE84-4616-9F4F9409D57C}"
EndProject
Project("{FAE04EC0-301F-11D3-BF4B-00C04F79EFBC}") = "probando", "preyecto1\probando\probando.csproj", "{A9FA94F4-5F74-5CCB-7B42-AAF7AE49BD9D}"
EndProject
Global
	GlobalSection(SolutionConfigurationPlatforms) = preSolution
		Debug|Any CPU = Debug|Any CPU
		Release|Any CPU = Release|Any CPU
	EndGlobalSection
	GlobalSection(ProjectConfigurationPlatforms) = postSolution
		{A9FA94F4-5F74-5CCB-7B42-AAF7AE49BD9D}.Debug|Any CPU.ActiveCfg = Debug|Any CPU
		{A9FA94F4-5F74-5CCB-7B42-AAF7AE49BD9D}.Debug|Any CPU.Build.0 = Debug|Any CPU
		{A9FA94F4-5F74-5CCB-7B42-AAF7AE49BD9D}.Release|Any CPU.ActiveCfg = Release|Any CPU
		{A9FA94F4-5F74-5CCB-7B42-AAF7AE49BD9D}.Release|Any CPU.Build.0 = Release|Any CPU
	EndGlobalSection
	GlobalSection(SolutionProperties) = preSolution
		HideSolutionNode = FALSE
	EndGlobalSection
	GlobalSection(NestedProjects) = preSolution
		{A9FA94F4-5F74-5CCB-7B42-AAF7AE49BD9D} = {59CC3464-210E-FE84-4616-9F4F9409D57C}
	EndGlobalSection
	GlobalSection(ExtensibilityGlobals) = postSolution
		SolutionGuid = {AEA4F3CC-DDF5-4AE1-9BB4-F764728A8012}
	EndGlobalSection
EndGlobal
